
Microsoft Visual Studio Solution File, Format Version 11.00
# Visual Studio 2010
Project("{FAE04EC0-301F-11D3-BF4B-00C04F79EFBC}") = "Roll a Ball game", "Assembly-CSharp.csproj", "{209547A2-8DFF-45E6-001B-D5D951D269EA}"
EndProject
Global
	GlobalSection(SolutionConfigurationPlatforms) = preSolution
		Debug|Any CPU = Debug|Any CPU
		Release|Any CPU = Release|Any CPU
	EndGlobalSection
	GlobalSection(ProjectConfigurationPlatforms) = postSolution
		{209547A2-8DFF-45E6-001B-D5D951D269EA}.Debug|Any CPU.ActiveCfg = Debug|Any CPU
		{209547A2-8DFF-45E6-001B-D5D951D269EA}.Debug|Any CPU.Build.0 = Debug|Any CPU
		{209547A2-8DFF-45E6-001B-D5D951D269EA}.Release|Any CPU.ActiveCfg = Release|Any CPU
		{209547A2-8DFF-45E6-001B-D5D951D269EA}.Release|Any CPU.Build.0 = Release|Any CPU
	EndGlobalSection
	GlobalSection(SolutionProperties) = preSolution
		HideSolutionNode = FALSE
	EndGlobalSection
	GlobalSection(MonoDevelopProperties) = preSolution
		StartupItem = Assembly-CSharp.csproj
	EndGlobalSection
EndGlobal
